{
  "requires": true,
  "lockfileVersion": 1,
  "dependencies": {
    "@material/animation": {
      "version": "0.39.0",
      "resolved": "https://registry.npmjs.org/@material/animation/-/animation-0.39.0.tgz",
      "integrity": "sha512-f3BGCba0GdYY+eGFnK0L08HLyljgEyBvMLoJoutP225IpvzsLLTqumL/796nFCsouWn6E3G+8BUVjAtzTjU2lA=="
    },
    "@material/base": {
      "version": "0.39.0",
      "resolved": "https://registry.npmjs.org/@material/base/-/base-0.39.0.tgz",
      "integrity": "sha512-B+vMqnOR2JU2dzv/5UPKQUAZAj739pMkJkt3Zy7sJaQnw3j8wTKxiUMUhd9ZHaPx1FBlUNMn2PwOq8YZIn0svA=="
    },
    "@material/dom": {
      "version": "0.40.0",
      "resolved": "https://registry.npmjs.org/@material/dom/-/dom-0.40.0.tgz",
      "integrity": "sha512-dNekw081gH1Wh62h8VsOdP87iKkrbM2rFR28bTfolIv6ThRBUGlDe5w8grkrrXLnjoqO/fnQMP1Wdo8C7lcfvQ=="
    },
    "@material/drawer": {
      "version": "0.40.0",
      "resolved": "https://registry.npmjs.org/@material/drawer/-/drawer-0.40.0.tgz",
      "integrity": "sha512-KY/mDWkCMwB/5g8qqcBhGR72yT4/u8eJ4BY+/LtiFG47SrL7SZHwhqBgjfGgdRckwX8D8WF/6BQqeZQlbTmIjw==",
      "requires": {
        "@material/animation": "^0.39.0",
        "@material/base": "^0.39.0",
        "@material/elevation": "^0.40.0",
        "@material/list": "^0.40.0",
        "@material/ripple": "^0.40.0",
        "@material/rtl": "^0.39.1",
        "@material/shape": "^0.40.0",
        "@material/theme": "^0.40.0",
        "@material/typography": "^0.39.0",
        "focus-trap": "^3.0.0"
      }
    },
    "@material/elevation": {
      "version": "0.40.1",
      "resolved": "https://registry.npmjs.org/@material/elevation/-/elevation-0.40.1.tgz",
      "integrity": "sha512-VD9ii90WzI+t4df08A9hQIsYLH/N+85a2Mqo10CNVZLZYW5fDOwFH/h7553aNoAuSHKPcGCLdyav9J9oC6TSaQ==",
      "requires": {
        "@material/animation": "^0.40.1",
        "@material/theme": "^0.40.1"
      },
      "dependencies": {
        "@material/animation": {
          "version": "0.40.1",
          "resolved": "https://registry.npmjs.org/@material/animation/-/animation-0.40.1.tgz",
          "integrity": "sha512-HtxFUw04EHg4S6pXfTA3Z0wKxnNDNcDhe1Np2Y2geo+lAk2Hb7m8yCL/GaL9o2I/eRYsgUXC0U7+Mk74GCz3zw=="
        }
      }
    },
    "@material/list": {
      "version": "0.40.0",
      "resolved": "https://registry.npmjs.org/@material/list/-/list-0.40.0.tgz",
      "integrity": "sha512-vMQNixaPEyD5JLYl+TdHqBk3i5+BciN1GjCMdkfdfpNMUyBhjAA1/DMKJ76GC2f75gnaUKP7Oee/CsBKt3Lf9A==",
      "requires": {
        "@material/base": "^0.39.0",
        "@material/dom": "^0.40.0",
        "@material/ripple": "^0.40.0",
        "@material/rtl": "^0.39.1",
        "@material/shape": "^0.40.0",
        "@material/theme": "^0.40.0",
        "@material/typography": "^0.39.0"
      }
    },
    "@material/ripple": {
      "version": "0.40.1",
      "resolved": "https://registry.npmjs.org/@material/ripple/-/ripple-0.40.1.tgz",
      "integrity": "sha512-sndeTS4VHa0v1UGj7MNcxMCuO9LJ1DjoL1EjE6BH3Lm3M1MnXJHdsBo2CgPbU/FI84tt6+eyHGOYPdPrEDJhCA==",
      "requires": {
        "@material/animation": "^0.40.1",
        "@material/base": "^0.40.1",
        "@material/theme": "^0.40.1"
      },
      "dependencies": {
        "@material/animation": {
          "version": "0.40.1",
          "resolved": "https://registry.npmjs.org/@material/animation/-/animation-0.40.1.tgz",
          "integrity": "sha512-HtxFUw04EHg4S6pXfTA3Z0wKxnNDNcDhe1Np2Y2geo+lAk2Hb7m8yCL/GaL9o2I/eRYsgUXC0U7+Mk74GCz3zw=="
        },
        "@material/base": {
          "version": "0.40.1",
          "resolved": "https://registry.npmjs.org/@material/base/-/base-0.40.1.tgz",
          "integrity": "sha512-vrbOK8hONVCYgURQ9h7nkXvMdYnZVVNmAfFFijF8fbWQdwnoPcNTdqV6RoQlhBEqHYHQqLNfdUDlznAPKLclGQ=="
        }
      }
    },
    "@material/rtl": {
      "version": "0.39.1",
      "resolved": "https://registry.npmjs.org/@material/rtl/-/rtl-0.39.1.tgz",
      "integrity": "sha512-6RcXv6tQladbl+SboEHUykiDAz7dE5DjBuLNV0KD7yEUCcUV41WXZ5e4oUd1nDWnK0vHzFtNM7D6BGMPZ2T3zA=="
    },
    "@material/shape": {
      "version": "0.40.1",
      "resolved": "https://registry.npmjs.org/@material/shape/-/shape-0.40.1.tgz",
      "integrity": "sha512-o1pw5+s/jWqsKbUAkCCaEcB8XLqJ4FlZhYfSvxZ88WRw9zoWOt9iQMMP82wLWhUX1DSzpNRI8BAD7aNLK6yRlA=="
    },
    "@material/theme": {
      "version": "0.40.1",
      "resolved": "https://registry.npmjs.org/@material/theme/-/theme-0.40.1.tgz",
      "integrity": "sha512-cH1CsGIDisEQ2oroZhLTypV0Ir00x3WIwFXnPo7qv3832tuIDkZY623U3rUax6KNPz4Hh1j0tNpTwgrNZwvwWA=="
    },
    "@material/typography": {
      "version": "0.39.0",
      "resolved": "https://registry.npmjs.org/@material/typography/-/typography-0.39.0.tgz",
      "integrity": "sha512-S7YTR2mXuAaPvsgX6jyT1YvWQhH2xHWi+SKJvlunoF/Dw6vq6Ud+APmqigHVRPNCcFt4zkbM7C64IxYjjkIApQ=="
    },
    "focus-trap": {
      "version": "3.0.0",
      "resolved": "https://registry.npmjs.org/focus-trap/-/focus-trap-3.0.0.tgz",
      "integrity": "sha512-jTFblf0tLWbleGjj2JZsAKbgtZTdL1uC48L8FcmSDl4c2vDoU4NycN1kgV5vJhuq1mxNFkw7uWZ1JAGlINWvyw==",
      "requires": {
        "tabbable": "^3.1.0",
        "xtend": "^4.0.1"
      }
    },
    "tabbable": {
      "version": "3.1.1",
      "resolved": "https://registry.npmjs.org/tabbable/-/tabbable-3.1.1.tgz",
      "integrity": "sha512-583MHIOwictf7+zbxqO/L5fBqMN6Li4SJ1XTKQA9WzHRA7c2BB+D+Ny7Y6kGqU2u+rHK59+oRzrBvMU53aZz+A=="
    },
    "xtend": {
      "version": "4.0.1",
      "resolved": "https://registry.npmjs.org/xtend/-/xtend-4.0.1.tgz",
      "integrity": "sha1-pcbVMr5lbiPbgg77lDofBJmNY68="
    }
  }
}
